
Microsoft Visual Studio Solution File, Format Version 12.00
# Visual Studio Version 17
VisualStudioVersion = 17.5.002.0
MinimumVisualStudioVersion = 10.0.40219.1
Project("{9A19103F-16F7-4668-BE54-9A1E7A4F7556}") = "Install", "Install\Install.csproj", "{35D63559-9760-4E5C-A010-8F1EBA5CAF63}"
EndProject
Project("{2150E333-8FDC-42A3-9474-1A3956D46DE8}") = "Source", "Source", "{EDAA1F85-C1AD-4B43-ADC1-1703193850DC}"
EndProject
Project("{2150E333-8FDC-42A3-9474-1A3956D46DE8}") = "Managed", "Managed", "{34802F81-6703-48E7-99EC-8BD973547E8B}"
EndProject
Project("{9A19103F-16F7-4668-BE54-9A1E7A4F7556}") = "UnrealEngine.Framework", "Source\Managed\Framework\UnrealEngine.Framework.csproj", "{AE538BD3-188D-416F-A152-A6D9C0C50A32}"
EndProject
Project("{9A19103F-16F7-4668-BE54-9A1E7A4F7556}") = "UnrealEngine.Runtime", "Source\Managed\Runtime\UnrealEngine.Runtime.csproj", "{19EDEE6A-8261-443A-BC94-7CAB7A32AED6}"
EndProject
Project("{9A19103F-16F7-4668-BE54-9A1E7A4F7556}") = "UnrealEngine.Tests", "Source\Managed\Tests\UnrealEngine.Tests.csproj", "{8183567E-74BD-471F-88BB-84E129B66ABF}"
EndProject
Global
	GlobalSection(SolutionConfigurationPlatforms) = preSolution
		Debug|Any CPU = Debug|Any CPU
		Release|Any CPU = Release|Any CPU
	EndGlobalSection
	GlobalSection(ProjectConfigurationPlatforms) = postSolution
		{35D63559-9760-4E5C-A010-8F1EBA5CAF63}.Debug|Any CPU.ActiveCfg = Debug|Any CPU
		{35D63559-9760-4E5C-A010-8F1EBA5CAF63}.Debug|Any CPU.Build.0 = Debug|Any CPU
		{35D63559-9760-4E5C-A010-8F1EBA5CAF63}.Release|Any CPU.ActiveCfg = Release|Any CPU
		{35D63559-9760-4E5C-A010-8F1EBA5CAF63}.Release|Any CPU.Build.0 = Release|Any CPU
		{AE538BD3-188D-416F-A152-A6D9C0C50A32}.Debug|Any CPU.ActiveCfg = Debug|Any CPU
		{AE538BD3-188D-416F-A152-A6D9C0C50A32}.Debug|Any CPU.Build.0 = Debug|Any CPU
		{AE538BD3-188D-416F-A152-A6D9C0C50A32}.Release|Any CPU.ActiveCfg = Release|Any CPU
		{AE538BD3-188D-416F-A152-A6D9C0C50A32}.Release|Any CPU.Build.0 = Release|Any CPU
		{19EDEE6A-8261-443A-BC94-7CAB7A32AED6}.Debug|Any CPU.ActiveCfg = Debug|Any CPU
		{19EDEE6A-8261-443A-BC94-7CAB7A32AED6}.Debug|Any CPU.Build.0 = Debug|Any CPU
		{19EDEE6A-8261-443A-BC94-7CAB7A32AED6}.Release|Any CPU.ActiveCfg = Release|Any CPU
		{19EDEE6A-8261-443A-BC94-7CAB7A32AED6}.Release|Any CPU.Build.0 = Release|Any CPU
		{8183567E-74BD-471F-88BB-84E129B66ABF}.Debug|Any CPU.ActiveCfg = Debug|Any CPU
		{8183567E-74BD-471F-88BB-84E129B66ABF}.Debug|Any CPU.Build.0 = Debug|Any CPU
		{8183567E-74BD-471F-88BB-84E129B66ABF}.Release|Any CPU.ActiveCfg = Release|Any CPU
		{8183567E-74BD-471F-88BB-84E129B66ABF}.Release|Any CPU.Build.0 = Release|Any CPU
	EndGlobalSection
	GlobalSection(SolutionProperties) = preSolution
		HideSolutionNode = FALSE
	EndGlobalSection
	GlobalSection(NestedProjects) = preSolution
		{34802F81-6703-48E7-99EC-8BD973547E8B} = {EDAA1F85-C1AD-4B43-ADC1-1703193850DC}
		{AE538BD3-188D-416F-A152-A6D9C0C50A32} = {34802F81-6703-48E7-99EC-8BD973547E8B}
		{19EDEE6A-8261-443A-BC94-7CAB7A32AED6} = {34802F81-6703-48E7-99EC-8BD973547E8B}
		{8183567E-74BD-471F-88BB-84E129B66ABF} = {34802F81-6703-48E7-99EC-8BD973547E8B}
	EndGlobalSection
	GlobalSection(ExtensibilityGlobals) = postSolution
		SolutionGuid = {44931F36-6E70-4C31-83D8-37857433DF0E}
	EndGlobalSection
EndGlobal
